<?xml version="1.0" encoding="utf-8"?>
<Project ToolsVersion="4.0" xmlns="http://schemas.microsoft.com/developer/msbuild/2003">
  <ItemGroup>
    <ClCompile Include="AdapterNortel.cpp" />
    <ClCompile Include="Caesar.cpp" />
    <ClCompile Include="Encryption.cpp" />
    <ClCompile Include="main.cpp" />
    <ClCompile Include="RSA.cpp" />
    <ClCompile Include="ClientNortel.cpp" />
    <ClCompile Include="AdapterEpcos.cpp" />
  </ItemGroup>
  <ItemGroup>
    <ClInclude Include="AdapterEpcos.h" />
    <ClInclude Include="AdapterNortel.h" />
    <ClInclude Include="Caesar.h" />
    <ClInclude Include="ClientEpcos.h" />
    <ClInclude Include="ClientNortel.h" />
    <ClInclude Include="Encryption.h" />
    <ClInclude Include="IEpcos.h" />
    <ClInclude Include="INortel.h" />
    <ClInclude Include="RSA.h" />
  </ItemGroup>
  <ItemGroup>
    <Text Include="test.txt" />
  </ItemGroup>
  <ItemGroup>
    <None Include="test.txt.caesar" />
  </ItemGroup>
</Project>