
Microsoft Visual Studio Solution File, Format Version 12.00
# Visual Studio Version 16
VisualStudioVersion = 16.0.29326.143
MinimumVisualStudioVersion = 10.0.40219.1
Project("{8BC9CEB8-8B4A-11D0-8D11-00A0C91BC942}") = "01_Fuhrpark", "01_Fuhrpark\01_Fuhrpark.vcxproj", "{52F49EAE-1652-4391-90AE-8C14E84E0C28}"
EndProject
Project("{8BC9CEB8-8B4A-11D0-8D11-00A0C91BC942}") = "02_Salary", "02_Salary\02_Salary.vcxproj", "{CA6ED648-B2D6-4663-BDF7-4E0475A322B1}"
EndProject
Project("{8BC9CEB8-8B4A-11D0-8D11-00A0C91BC942}") = "03_Encryption", "03_Encryption\03_Encryption.vcxproj", "{818F3A20-14B4-4E39-A2E5-982D63209A26}"
EndProject
Project("{8BC9CEB8-8B4A-11D0-8D11-00A0C91BC942}") = "04_Symbolparser", "04_Symbolparser\04_Symbolparser.vcxproj", "{A9E04FDC-01D4-446C-8501-A9342E63CD4F}"
EndProject
Project("{8BC9CEB8-8B4A-11D0-8D11-00A0C91BC942}") = "05_DrivingSimulation", "05_DrivingSimulation\05_DrivingSimulation.vcxproj", "{9305FB41-8CA1-4662-9D77-365ECEDF82CB}"
EndProject
Project("{8BC9CEB8-8B4A-11D0-8D11-00A0C91BC942}") = "07_CoffeeMachine", "07_CoffeeMachine\07_CoffeeMachine.vcxproj", "{93AF2AD2-17D9-4433-8139-17C3B258458B}"
EndProject
Global
	GlobalSection(SolutionConfigurationPlatforms) = preSolution
		Debug|x64 = Debug|x64
		Debug|x86 = Debug|x86
		Release|x64 = Release|x64
		Release|x86 = Release|x86
	EndGlobalSection
	GlobalSection(ProjectConfigurationPlatforms) = postSolution
		{52F49EAE-1652-4391-90AE-8C14E84E0C28}.Debug|x64.ActiveCfg = Debug|x64
		{52F49EAE-1652-4391-90AE-8C14E84E0C28}.Debug|x64.Build.0 = Debug|x64
		{52F49EAE-1652-4391-90AE-8C14E84E0C28}.Debug|x86.ActiveCfg = Debug|Win32
		{52F49EAE-1652-4391-90AE-8C14E84E0C28}.Debug|x86.Build.0 = Debug|Win32
		{52F49EAE-1652-4391-90AE-8C14E84E0C28}.Release|x64.ActiveCfg = Release|x64
		{52F49EAE-1652-4391-90AE-8C14E84E0C28}.Release|x64.Build.0 = Release|x64
		{52F49EAE-1652-4391-90AE-8C14E84E0C28}.Release|x86.ActiveCfg = Release|Win32
		{52F49EAE-1652-4391-90AE-8C14E84E0C28}.Release|x86.Build.0 = Release|Win32
		{CA6ED648-B2D6-4663-BDF7-4E0475A322B1}.Debug|x64.ActiveCfg = Debug|x64
		{CA6ED648-B2D6-4663-BDF7-4E0475A322B1}.Debug|x64.Build.0 = Debug|x64
		{CA6ED648-B2D6-4663-BDF7-4E0475A322B1}.Debug|x86.ActiveCfg = Debug|Win32
		{CA6ED648-B2D6-4663-BDF7-4E0475A322B1}.Debug|x86.Build.0 = Debug|Win32
		{CA6ED648-B2D6-4663-BDF7-4E0475A322B1}.Release|x64.ActiveCfg = Release|x64
		{CA6ED648-B2D6-4663-BDF7-4E0475A322B1}.Release|x64.Build.0 = Release|x64
		{CA6ED648-B2D6-4663-BDF7-4E0475A322B1}.Release|x86.ActiveCfg = Release|Win32
		{CA6ED648-B2D6-4663-BDF7-4E0475A322B1}.Release|x86.Build.0 = Release|Win32
		{818F3A20-14B4-4E39-A2E5-982D63209A26}.Debug|x64.ActiveCfg = Debug|x64
		{818F3A20-14B4-4E39-A2E5-982D63209A26}.Debug|x64.Build.0 = Debug|x64
		{818F3A20-14B4-4E39-A2E5-982D63209A26}.Debug|x86.ActiveCfg = Debug|Win32
		{818F3A20-14B4-4E39-A2E5-982D63209A26}.Debug|x86.Build.0 = Debug|Win32
		{818F3A20-14B4-4E39-A2E5-982D63209A26}.Release|x64.ActiveCfg = Release|x64
		{818F3A20-14B4-4E39-A2E5-982D63209A26}.Release|x64.Build.0 = Release|x64
		{818F3A20-14B4-4E39-A2E5-982D63209A26}.Release|x86.ActiveCfg = Release|Win32
		{818F3A20-14B4-4E39-A2E5-982D63209A26}.Release|x86.Build.0 = Release|Win32
		{A9E04FDC-01D4-446C-8501-A9342E63CD4F}.Debug|x64.ActiveCfg = Debug|x64
		{A9E04FDC-01D4-446C-8501-A9342E63CD4F}.Debug|x64.Build.0 = Debug|x64
		{A9E04FDC-01D4-446C-8501-A9342E63CD4F}.Debug|x86.ActiveCfg = Debug|Win32
		{A9E04FDC-01D4-446C-8501-A9342E63CD4F}.Debug|x86.Build.0 = Debug|Win32
		{A9E04FDC-01D4-446C-8501-A9342E63CD4F}.Release|x64.ActiveCfg = Release|x64
		{A9E04FDC-01D4-446C-8501-A9342E63CD4F}.Release|x64.Build.0 = Release|x64
		{A9E04FDC-01D4-446C-8501-A9342E63CD4F}.Release|x86.ActiveCfg = Release|Win32
		{A9E04FDC-01D4-446C-8501-A9342E63CD4F}.Release|x86.Build.0 = Release|Win32
		{9305FB41-8CA1-4662-9D77-365ECEDF82CB}.Debug|x64.ActiveCfg = Debug|x64
		{9305FB41-8CA1-4662-9D77-365ECEDF82CB}.Debug|x64.Build.0 = Debug|x64
		{9305FB41-8CA1-4662-9D77-365ECEDF82CB}.Debug|x86.ActiveCfg = Debug|Win32
		{9305FB41-8CA1-4662-9D77-365ECEDF82CB}.Debug|x86.Build.0 = Debug|Win32
		{9305FB41-8CA1-4662-9D77-365ECEDF82CB}.Release|x64.ActiveCfg = Release|x64
		{9305FB41-8CA1-4662-9D77-365ECEDF82CB}.Release|x64.Build.0 = Release|x64
		{9305FB41-8CA1-4662-9D77-365ECEDF82CB}.Release|x86.ActiveCfg = Release|Win32
		{9305FB41-8CA1-4662-9D77-365ECEDF82CB}.Release|x86.Build.0 = Release|Win32
		{93AF2AD2-17D9-4433-8139-17C3B258458B}.Debug|x64.ActiveCfg = Debug|x64
		{93AF2AD2-17D9-4433-8139-17C3B258458B}.Debug|x64.Build.0 = Debug|x64
		{93AF2AD2-17D9-4433-8139-17C3B258458B}.Debug|x86.ActiveCfg = Debug|Win32
		{93AF2AD2-17D9-4433-8139-17C3B258458B}.Debug|x86.Build.0 = Debug|Win32
		{93AF2AD2-17D9-4433-8139-17C3B258458B}.Release|x64.ActiveCfg = Release|x64
		{93AF2AD2-17D9-4433-8139-17C3B258458B}.Release|x64.Build.0 = Release|x64
		{93AF2AD2-17D9-4433-8139-17C3B258458B}.Release|x86.ActiveCfg = Release|Win32
		{93AF2AD2-17D9-4433-8139-17C3B258458B}.Release|x86.Build.0 = Release|Win32
	EndGlobalSection
	GlobalSection(SolutionProperties) = preSolution
		HideSolutionNode = FALSE
	EndGlobalSection
	GlobalSection(ExtensibilityGlobals) = postSolution
		SolutionGuid = {14F72E59-A323-46B2-AAC5-47A9BC58990E}
	EndGlobalSection
EndGlobal
