<?xml version="1.0" encoding="utf-8"?>
<Project ToolsVersion="4.0" xmlns="http://schemas.microsoft.com/developer/msbuild/2003">
  <ItemGroup>
    <ClCompile Include="Entry.cpp" />
    <ClCompile Include="Car.cpp" />
    <ClCompile Include="Fleet.cpp" />
    <ClCompile Include="LogBook.cpp" />
    <ClCompile Include="Motorcycle.cpp" />
    <ClCompile Include="Testdriver.cpp" />
    <ClCompile Include="Truck.cpp" />
    <ClCompile Include="Vehicle.cpp" />
  </ItemGroup>
  <ItemGroup>
    <ClInclude Include="Entry.h" />
    <ClInclude Include="Car.h" />
    <ClInclude Include="Fleet.h" />
    <ClInclude Include="LogBook.h" />
    <ClInclude Include="Motorcycle.h" />
    <ClInclude Include="Object.h" />
    <ClInclude Include="Truck.h" />
    <ClInclude Include="Vehicle.h" />
  </ItemGroup>
  <ItemGroup>
    <ClInclude Include="LogBook.h">
      <Filter>Headerdateien</Filter>
    </ClInclude>
    <None Include="packages.config" />
  </ItemGroup>
</Project>